
Microsoft Visual Studio Solution File, Format Version 12.00
# Visual Studio Version 16
VisualStudioVersion = 16.0.31729.503
MinimumVisualStudioVersion = 10.0.40219.1
Project("{FAE04EC0-301F-11D3-BF4B-00C04F79EFBC}") = "Notes.Android", "Notes\Notes.Android\Notes.Android.csproj", "{FF74F868-A932-4AA9-B70D-071B8F93B3D5}"
EndProject
Project("{FAE04EC0-301F-11D3-BF4B-00C04F79EFBC}") = "Notes.iOS", "Notes\Notes.iOS\Notes.iOS.csproj", "{6FC11C6A-05A1-4D96-87EC-8BBA3838E310}"
EndProject
Project("{FAE04EC0-301F-11D3-BF4B-00C04F79EFBC}") = "Notes", "Notes\Notes\Notes.csproj", "{514EF1F7-19EE-4482-B1EC-276D6EEC6B63}"
EndProject
Global
	GlobalSection(SolutionConfigurationPlatforms) = preSolution
		Debug|Any CPU = Debug|Any CPU
		Debug|iPhone = Debug|iPhone
		Debug|iPhoneSimulator = Debug|iPhoneSimulator
		Release|Any CPU = Release|Any CPU
		Release|iPhone = Release|iPhone
		Release|iPhoneSimulator = Release|iPhoneSimulator
	EndGlobalSection
	GlobalSection(ProjectConfigurationPlatforms) = postSolution
		{FF74F868-A932-4AA9-B70D-071B8F93B3D5}.Debug|Any CPU.ActiveCfg = Debug|Any CPU
		{FF74F868-A932-4AA9-B70D-071B8F93B3D5}.Debug|Any CPU.Build.0 = Debug|Any CPU
		{FF74F868-A932-4AA9-B70D-071B8F93B3D5}.Debug|Any CPU.Deploy.0 = Debug|Any CPU
		{FF74F868-A932-4AA9-B70D-071B8F93B3D5}.Debug|iPhone.ActiveCfg = Debug|Any CPU
		{FF74F868-A932-4AA9-B70D-071B8F93B3D5}.Debug|iPhone.Build.0 = Debug|Any CPU
		{FF74F868-A932-4AA9-B70D-071B8F93B3D5}.Debug|iPhone.Deploy.0 = Debug|Any CPU
		{FF74F868-A932-4AA9-B70D-071B8F93B3D5}.Debug|iPhoneSimulator.ActiveCfg = Debug|Any CPU
		{FF74F868-A932-4AA9-B70D-071B8F93B3D5}.Debug|iPhoneSimulator.Build.0 = Debug|Any CPU
		{FF74F868-A932-4AA9-B70D-071B8F93B3D5}.Debug|iPhoneSimulator.Deploy.0 = Debug|Any CPU
		{FF74F868-A932-4AA9-B70D-071B8F93B3D5}.Release|Any CPU.ActiveCfg = Release|Any CPU
		{FF74F868-A932-4AA9-B70D-071B8F93B3D5}.Release|Any CPU.Build.0 = Release|Any CPU
		{FF74F868-A932-4AA9-B70D-071B8F93B3D5}.Release|Any CPU.Deploy.0 = Release|Any CPU
		{FF74F868-A932-4AA9-B70D-071B8F93B3D5}.Release|iPhone.ActiveCfg = Release|Any CPU
		{FF74F868-A932-4AA9-B70D-071B8F93B3D5}.Release|iPhone.Build.0 = Release|Any CPU
		{FF74F868-A932-4AA9-B70D-071B8F93B3D5}.Release|iPhone.Deploy.0 = Release|Any CPU
		{FF74F868-A932-4AA9-B70D-071B8F93B3D5}.Release|iPhoneSimulator.ActiveCfg = Release|Any CPU
		{FF74F868-A932-4AA9-B70D-071B8F93B3D5}.Release|iPhoneSimulator.Build.0 = Release|Any CPU
		{FF74F868-A932-4AA9-B70D-071B8F93B3D5}.Release|iPhoneSimulator.Deploy.0 = Release|Any CPU
		{6FC11C6A-05A1-4D96-87EC-8BBA3838E310}.Debug|Any CPU.ActiveCfg = Debug|iPhone
		{6FC11C6A-05A1-4D96-87EC-8BBA3838E310}.Debug|Any CPU.Build.0 = Debug|iPhone
		{6FC11C6A-05A1-4D96-87EC-8BBA3838E310}.Debug|Any CPU.Deploy.0 = Debug|iPhone
		{6FC11C6A-05A1-4D96-87EC-8BBA3838E310}.Debug|iPhone.ActiveCfg = Debug|iPhone
		{6FC11C6A-05A1-4D96-87EC-8BBA3838E310}.Debug|iPhone.Build.0 = Debug|iPhone
		{6FC11C6A-05A1-4D96-87EC-8BBA3838E310}.Debug|iPhone.Deploy.0 = Debug|iPhone
		{6FC11C6A-05A1-4D96-87EC-8BBA3838E310}.Debug|iPhoneSimulator.ActiveCfg = Debug|iPhoneSimulator
		{6FC11C6A-05A1-4D96-87EC-8BBA3838E310}.Debug|iPhoneSimulator.Build.0 = Debug|iPhoneSimulator
		{6FC11C6A-05A1-4D96-87EC-8BBA3838E310}.Debug|iPhoneSimulator.Deploy.0 = Debug|iPhoneSimulator
		{6FC11C6A-05A1-4D96-87EC-8BBA3838E310}.Release|Any CPU.ActiveCfg = Release|iPhoneSimulator
		{6FC11C6A-05A1-4D96-87EC-8BBA3838E310}.Release|Any CPU.Build.0 = Release|iPhoneSimulator
		{6FC11C6A-05A1-4D96-87EC-8BBA3838E310}.Release|Any CPU.Deploy.0 = Release|iPhoneSimulator
		{6FC11C6A-05A1-4D96-87EC-8BBA3838E310}.Release|iPhone.ActiveCfg = Release|iPhone
		{6FC11C6A-05A1-4D96-87EC-8BBA3838E310}.Release|iPhone.Build.0 = Release|iPhone
		{6FC11C6A-05A1-4D96-87EC-8BBA3838E310}.Release|iPhone.Deploy.0 = Release|iPhone
		{6FC11C6A-05A1-4D96-87EC-8BBA3838E310}.Release|iPhoneSimulator.ActiveCfg = Release|iPhoneSimulator
		{6FC11C6A-05A1-4D96-87EC-8BBA3838E310}.Release|iPhoneSimulator.Build.0 = Release|iPhoneSimulator
		{6FC11C6A-05A1-4D96-87EC-8BBA3838E310}.Release|iPhoneSimulator.Deploy.0 = Release|iPhoneSimulator
		{514EF1F7-19EE-4482-B1EC-276D6EEC6B63}.Debug|Any CPU.ActiveCfg = Debug|Any CPU
		{514EF1F7-19EE-4482-B1EC-276D6EEC6B63}.Debug|Any CPU.Build.0 = Debug|Any CPU
		{514EF1F7-19EE-4482-B1EC-276D6EEC6B63}.Debug|Any CPU.Deploy.0 = Debug|Any CPU
		{514EF1F7-19EE-4482-B1EC-276D6EEC6B63}.Debug|iPhone.ActiveCfg = Debug|Any CPU
		{514EF1F7-19EE-4482-B1EC-276D6EEC6B63}.Debug|iPhone.Build.0 = Debug|Any CPU
		{514EF1F7-19EE-4482-B1EC-276D6EEC6B63}.Debug|iPhone.Deploy.0 = Debug|Any CPU
		{514EF1F7-19EE-4482-B1EC-276D6EEC6B63}.Debug|iPhoneSimulator.ActiveCfg = Debug|Any CPU
		{514EF1F7-19EE-4482-B1EC-276D6EEC6B63}.Debug|iPhoneSimulator.Build.0 = Debug|Any CPU
		{514EF1F7-19EE-4482-B1EC-276D6EEC6B63}.Debug|iPhoneSimulator.Deploy.0 = Debug|Any CPU
		{514EF1F7-19EE-4482-B1EC-276D6EEC6B63}.Release|Any CPU.ActiveCfg = Release|Any CPU
		{514EF1F7-19EE-4482-B1EC-276D6EEC6B63}.Release|Any CPU.Build.0 = Release|Any CPU
		{514EF1F7-19EE-4482-B1EC-276D6EEC6B63}.Release|Any CPU.Deploy.0 = Release|Any CPU
		{514EF1F7-19EE-4482-B1EC-276D6EEC6B63}.Release|iPhone.ActiveCfg = Release|Any CPU
		{514EF1F7-19EE-4482-B1EC-276D6EEC6B63}.Release|iPhone.Build.0 = Release|Any CPU
		{514EF1F7-19EE-4482-B1EC-276D6EEC6B63}.Release|iPhone.Deploy.0 = Release|Any CPU
		{514EF1F7-19EE-4482-B1EC-276D6EEC6B63}.Release|iPhoneSimulator.ActiveCfg = Release|Any CPU
		{514EF1F7-19EE-4482-B1EC-276D6EEC6B63}.Release|iPhoneSimulator.Build.0 = Release|Any CPU
		{514EF1F7-19EE-4482-B1EC-276D6EEC6B63}.Release|iPhoneSimulator.Deploy.0 = Release|Any CPU
	EndGlobalSection
	GlobalSection(SolutionProperties) = preSolution
		HideSolutionNode = FALSE
	EndGlobalSection
	GlobalSection(ExtensibilityGlobals) = postSolution
		SolutionGuid = {3A79F678-90C8-4BAA-8D11-FB4C955AF17B}
	EndGlobalSection
EndGlobal
